
Microsoft Visual Studio Solution File, Format Version 12.00
# Visual Studio Version 16
VisualStudioVersion = 16.0.31019.35
MinimumVisualStudioVersion = 10.0.40219.1
Project("{FAE04EC0-301F-11D3-BF4B-00C04F79EFBC}") = "Skylanders", "Skylanders\Skylanders.csproj", "{B41799B6-ED38-456B-9FBB-F061701AEE9D}"
EndProject
Project("{FAE04EC0-301F-11D3-BF4B-00C04F79EFBC}") = "SkylandersManager", "SkylandersManager\SkylandersManager.csproj", "{59C657F6-939B-4CD5-A04D-7FAED76BB0C3}"
EndProject
Project("{FAE04EC0-301F-11D3-BF4B-00C04F79EFBC}") = "SkylandersManagerUI", "SkylandersManagerUI\SkylandersManagerUI.csproj", "{98E5C3D0-4977-498C-BB3C-539BB1005A31}"
EndProject
Global
	GlobalSection(SolutionConfigurationPlatforms) = preSolution
		Debug|Any CPU = Debug|Any CPU
		Release|Any CPU = Release|Any CPU
	EndGlobalSection
	GlobalSection(ProjectConfigurationPlatforms) = postSolution
		{B41799B6-ED38-456B-9FBB-F061701AEE9D}.Debug|Any CPU.ActiveCfg = Debug|Any CPU
		{B41799B6-ED38-456B-9FBB-F061701AEE9D}.Debug|Any CPU.Build.0 = Debug|Any CPU
		{B41799B6-ED38-456B-9FBB-F061701AEE9D}.Release|Any CPU.ActiveCfg = Release|Any CPU
		{B41799B6-ED38-456B-9FBB-F061701AEE9D}.Release|Any CPU.Build.0 = Release|Any CPU
		{59C657F6-939B-4CD5-A04D-7FAED76BB0C3}.Debug|Any CPU.ActiveCfg = Debug|Any CPU
		{59C657F6-939B-4CD5-A04D-7FAED76BB0C3}.Debug|Any CPU.Build.0 = Debug|Any CPU
		{59C657F6-939B-4CD5-A04D-7FAED76BB0C3}.Release|Any CPU.ActiveCfg = Release|Any CPU
		{59C657F6-939B-4CD5-A04D-7FAED76BB0C3}.Release|Any CPU.Build.0 = Release|Any CPU
		{98E5C3D0-4977-498C-BB3C-539BB1005A31}.Debug|Any CPU.ActiveCfg = Debug|Any CPU
		{98E5C3D0-4977-498C-BB3C-539BB1005A31}.Debug|Any CPU.Build.0 = Debug|Any CPU
		{98E5C3D0-4977-498C-BB3C-539BB1005A31}.Release|Any CPU.ActiveCfg = Release|Any CPU
		{98E5C3D0-4977-498C-BB3C-539BB1005A31}.Release|Any CPU.Build.0 = Release|Any CPU
	EndGlobalSection
	GlobalSection(SolutionProperties) = preSolution
		HideSolutionNode = FALSE
	EndGlobalSection
	GlobalSection(ExtensibilityGlobals) = postSolution
		SolutionGuid = {6184557D-4EF4-43ED-9A56-CE39B7F0DFC7}
	EndGlobalSection
EndGlobal
